
Microsoft Visual Studio Solution File, Format Version 12.00
# Visual Studio Version 16
VisualStudioVersion = 16.0.810.25
MinimumVisualStudioVersion = 10.0.40219.1
Project("{FAE04EC0-301F-11D3-BF4B-00C04F79EFBC}") = "MinisterElection", "MinisterElection.csproj", "{6E0BDD60-9795-4CA5-9458-FEA6EC2EB7A8}"
EndProject
Global
	GlobalSection(SolutionConfigurationPlatforms) = preSolution
		Debug|Any CPU = Debug|Any CPU
		Release|Any CPU = Release|Any CPU
	EndGlobalSection
	GlobalSection(ProjectConfigurationPlatforms) = postSolution
		{6E0BDD60-9795-4CA5-9458-FEA6EC2EB7A8}.Debug|Any CPU.ActiveCfg = Debug|Any CPU
		{6E0BDD60-9795-4CA5-9458-FEA6EC2EB7A8}.Debug|Any CPU.Build.0 = Debug|Any CPU
		{6E0BDD60-9795-4CA5-9458-FEA6EC2EB7A8}.Release|Any CPU.ActiveCfg = Release|Any CPU
		{6E0BDD60-9795-4CA5-9458-FEA6EC2EB7A8}.Release|Any CPU.Build.0 = Release|Any CPU
	EndGlobalSection
	GlobalSection(SolutionProperties) = preSolution
		HideSolutionNode = FALSE
	EndGlobalSection
	GlobalSection(ExtensibilityGlobals) = postSolution
		SolutionGuid = {E2BDB8BF-E1A7-4CD4-9EF3-8832F28D5548}
	EndGlobalSection
EndGlobal
